# This file is @generated by PDM.
# It is not intended for manual editing.

[metadata]
groups = ["default", "dev"]
strategy = ["inherit_metadata"]
lock_version = "4.5.0"
content_hash = "sha256:db8b58c4df87f3bd33868a230ef572417d666e31787a9b3cf8a69b7f657a7ff0"

[[metadata.targets]]
requires_python = "~=3.10"

[[package]]
name = "certifi"
version = "2024.6.2"
requires_python = ">=3.6"
summary = "Python package for providing Mozilla's CA Bundle."
groups = ["default"]
files = [
    {file = "certifi-2024.6.2-py3-none-any.whl", hash = "sha256:ddc6c8ce995e6987e7faf5e3f1b02b302836a0e5d98ece18392cb1a36c72ad56"},
    {file = "certifi-2024.6.2.tar.gz", hash = "sha256:3cd43f1c6fa7dedc5899d69d3ad0398fd018ad1a17fba83ddaf78aa46c747516"},
]

[[package]]
name = "charset-normalizer"
version = "3.3.2"
requires_python = ">=3.7.0"
summary = "The Real First Universal Charset Detector. Open, modern and actively maintained alternative to Chardet."
groups = ["default"]
files = [
    {file = "charset-normalizer-3.3.2.tar.gz", hash = "sha256:f30c3cb33b24454a82faecaf01b19c18562b1e89558fb6c56de4d9118a032fd5"},
    {file = "charset_normalizer-3.3.2-cp310-cp310-macosx_10_9_universal2.whl", hash = "sha256:25baf083bf6f6b341f4121c2f3c548875ee6f5339300e08be3f2b2ba1721cdd3"},
    {file = "charset_normalizer-3.3.2-cp310-cp310-macosx_10_9_x86_64.whl", hash = "sha256:06435b539f889b1f6f4ac1758871aae42dc3a8c0e24ac9e60c2384973ad73027"},
    {file = "charset_normalizer-3.3.2-cp310-cp310-macosx_11_0_arm64.whl", hash = "sha256:9063e24fdb1e498ab71cb7419e24622516c4a04476b17a2dab57e8baa30d6e03"},
    {file = "charset_normalizer-3.3.2-cp310-cp310-manylinux_2_17_aarch64.manylinux2014_aarch64.whl", hash = "sha256:6897af51655e3691ff853668779c7bad41579facacf5fd7253b0133308cf000d"},
    {file = "charset_normalizer-3.3.2-cp310-cp310-manylinux_2_17_ppc64le.manylinux2014_ppc64le.whl", hash = "sha256:1d3193f4a680c64b4b6a9115943538edb896edc190f0b222e73761716519268e"},
    {file = "charset_normalizer-3.3.2-cp310-cp310-manylinux_2_17_s390x.manylinux2014_s390x.whl", hash = "sha256:cd70574b12bb8a4d2aaa0094515df2463cb429d8536cfb6c7ce983246983e5a6"},
    {file = "charset_normalizer-3.3.2-cp310-cp310-manylinux_2_17_x86_64.manylinux2014_x86_64.whl", hash = "sha256:8465322196c8b4d7ab6d1e049e4c5cb460d0394da4a27d23cc242fbf0034b6b5"},
    {file = "charset_normalizer-3.3.2-cp310-cp310-manylinux_2_5_i686.manylinux1_i686.manylinux_2_17_i686.manylinux2014_i686.whl", hash = "sha256:a9a8e9031d613fd2009c182b69c7b2c1ef8239a0efb1df3f7c8da66d5dd3d537"},
    {file = "charset_normalizer-3.3.2-cp310-cp310-musllinux_1_1_aarch64.whl", hash = "sha256:beb58fe5cdb101e3a055192ac291b7a21e3b7ef4f67fa1d74e331a7f2124341c"},
    {file = "charset_normalizer-3.3.2-cp310-cp310-musllinux_1_1_i686.whl", hash = "sha256:e06ed3eb3218bc64786f7db41917d4e686cc4856944f53d5bdf83a6884432e12"},
    {file = "charset_normalizer-3.3.2-cp310-cp310-musllinux_1_1_ppc64le.whl", hash = "sha256:2e81c7b9c8979ce92ed306c249d46894776a909505d8f5a4ba55b14206e3222f"},
    {file = "charset_normalizer-3.3.2-cp310-cp310-musllinux_1_1_s390x.whl", hash = "sha256:572c3763a264ba47b3cf708a44ce965d98555f618ca42c926a9c1616d8f34269"},
    {file = "charset_normalizer-3.3.2-cp310-cp310-musllinux_1_1_x86_64.whl", hash = "sha256:fd1abc0d89e30cc4e02e4064dc67fcc51bd941eb395c502aac3ec19fab46b519"},
    {file = "charset_normalizer-3.3.2-cp310-cp310-win32.whl", hash = "sha256:3d47fa203a7bd9c5b6cee4736ee84ca03b8ef23193c0d1ca99b5089f72645c73"},
    {file = "charset_normalizer-3.3.2-cp310-cp310-win_amd64.whl", hash = "sha256:10955842570876604d404661fbccbc9c7e684caf432c09c715ec38fbae45ae09"},
    {file = "charset_normalizer-3.3.2-cp311-cp311-macosx_10_9_universal2.whl", hash = "sha256:802fe99cca7457642125a8a88a084cef28ff0cf9407060f7b93dca5aa25480db"},
    {file = "charset_normalizer-3.3.2-cp311-cp311-macosx_10_9_x86_64.whl", hash = "sha256:573f6eac48f4769d667c4442081b1794f52919e7edada77495aaed9236d13a96"},
    {file = "charset_normalizer-3.3.2-cp311-cp311-macosx_11_0_arm64.whl", hash = "sha256:549a3a73da901d5bc3ce8d24e0600d1fa85524c10287f6004fbab87672bf3e1e"},
    {file = "charset_normalizer-3.3.2-cp311-cp311-manylinux_2_17_aarch64.manylinux2014_aarch64.whl", hash = "sha256:f27273b60488abe721a075bcca6d7f3964f9f6f067c8c4c605743023d7d3944f"},
    {file = "charset_normalizer-3.3.2-cp311-cp311-manylinux_2_17_ppc64le.manylinux2014_ppc64le.whl", hash = "sha256:1ceae2f17a9c33cb48e3263960dc5fc8005351ee19db217e9b1bb15d28c02574"},
    {file = "charset_normalizer-3.3.2-cp311-cp311-manylinux_2_17_s390x.manylinux2014_s390x.whl", hash = "sha256:65f6f63034100ead094b8744b3b97965785388f308a64cf8d7c34f2f2e5be0c4"},
    {file = "charset_normalizer-3.3.2-cp311-cp311-manylinux_2_17_x86_64.manylinux2014_x86_64.whl", hash = "sha256:753f10e867343b4511128c6ed8c82f7bec3bd026875576dfd88483c5c73b2fd8"},
    {file = "charset_normalizer-3.3.2-cp311-cp311-manylinux_2_5_i686.manylinux1_i686.manylinux_2_17_i686.manylinux2014_i686.whl", hash = "sha256:4a78b2b446bd7c934f5dcedc588903fb2f5eec172f3d29e52a9096a43722adfc"},
    {file = "charset_normalizer-3.3.2-cp311-cp311-musllinux_1_1_aarch64.whl", hash = "sha256:e537484df0d8f426ce2afb2d0f8e1c3d0b114b83f8850e5f2fbea0e797bd82ae"},
    {file = "charset_normalizer-3.3.2-cp311-cp311-musllinux_1_1_i686.whl", hash = "sha256:eb6904c354526e758fda7167b33005998fb68c46fbc10e013ca97f21ca5c8887"},
    {file = "charset_normalizer-3.3.2-cp311-cp311-musllinux_1_1_ppc64le.whl", hash = "sha256:deb6be0ac38ece9ba87dea880e438f25ca3eddfac8b002a2ec3d9183a454e8ae"},
    {file = "charset_normalizer-3.3.2-cp311-cp311-musllinux_1_1_s390x.whl", hash = "sha256:4ab2fe47fae9e0f9dee8c04187ce5d09f48eabe611be8259444906793ab7cbce"},
    {file = "charset_normalizer-3.3.2-cp311-cp311-musllinux_1_1_x86_64.whl", hash = "sha256:80402cd6ee291dcb72644d6eac93785fe2c8b9cb30893c1af5b8fdd753b9d40f"},
    {file = "charset_normalizer-3.3.2-cp311-cp311-win32.whl", hash = "sha256:7cd13a2e3ddeed6913a65e66e94b51d80a041145a026c27e6bb76c31a853c6ab"},
    {file = "charset_normalizer-3.3.2-cp311-cp311-win_amd64.whl", hash = "sha256:663946639d296df6a2bb2aa51b60a2454ca1cb29835324c640dafb5ff2131a77"},
    {file = "charset_normalizer-3.3.2-cp312-cp312-macosx_10_9_universal2.whl", hash = "sha256:0b2b64d2bb6d3fb9112bafa732def486049e63de9618b5843bcdd081d8144cd8"},
    {file = "charset_normalizer-3.3.2-cp312-cp312-macosx_10_9_x86_64.whl", hash = "sha256:ddbb2551d7e0102e7252db79ba445cdab71b26640817ab1e3e3648dad515003b"},
    {file = "charset_normalizer-3.3.2-cp312-cp312-macosx_11_0_arm64.whl", hash = "sha256:55086ee1064215781fff39a1af09518bc9255b50d6333f2e4c74ca09fac6a8f6"},
    {file = "charset_normalizer-3.3.2-cp312-cp312-manylinux_2_17_aarch64.manylinux2014_aarch64.whl", hash = "sha256:8f4a014bc36d3c57402e2977dada34f9c12300af536839dc38c0beab8878f38a"},
    {file = "charset_normalizer-3.3.2-cp312-cp312-manylinux_2_17_ppc64le.manylinux2014_ppc64le.whl", hash = "sha256:a10af20b82360ab00827f916a6058451b723b4e65030c5a18577c8b2de5b3389"},
    {file = "charset_normalizer-3.3.2-cp312-cp312-manylinux_2_17_s390x.manylinux2014_s390x.whl", hash = "sha256:8d756e44e94489e49571086ef83b2bb8ce311e730092d2c34ca8f7d925cb20aa"},
    {file = "charset_normalizer-3.3.2-cp312-cp312-manylinux_2_17_x86_64.manylinux2014_x86_64.whl", hash = "sha256:90d558489962fd4918143277a773316e56c72da56ec7aa3dc3dbbe20fdfed15b"},
    {file = "charset_normalizer-3.3.2-cp312-cp312-manylinux_2_5_i686.manylinux1_i686.manylinux_2_17_i686.manylinux2014_i686.whl", hash = "sha256:6ac7ffc7ad6d040517be39eb591cac5ff87416c2537df6ba3cba3bae290c0fed"},
    {file = "charset_normalizer-3.3.2-cp312-cp312-musllinux_1_1_aarch64.whl", hash = "sha256:7ed9e526742851e8d5cc9e6cf41427dfc6068d4f5a3bb03659444b4cabf6bc26"},
    {file = "charset_normalizer-3.3.2-cp312-cp312-musllinux_1_1_i686.whl", hash = "sha256:8bdb58ff7ba23002a4c5808d608e4e6c687175724f54a5dade5fa8c67b604e4d"},
    {file = "charset_normalizer-3.3.2-cp312-cp312-musllinux_1_1_ppc64le.whl", hash = "sha256:6b3251890fff30ee142c44144871185dbe13b11bab478a88887a639655be1068"},
    {file = "charset_normalizer-3.3.2-cp312-cp312-musllinux_1_1_s390x.whl", hash = "sha256:b4a23f61ce87adf89be746c8a8974fe1c823c891d8f86eb218bb957c924bb143"},
    {file = "charset_normalizer-3.3.2-cp312-cp312-musllinux_1_1_x86_64.whl", hash = "sha256:efcb3f6676480691518c177e3b465bcddf57cea040302f9f4e6e191af91174d4"},
    {file = "charset_normalizer-3.3.2-cp312-cp312-win32.whl", hash = "sha256:d965bba47ddeec8cd560687584e88cf699fd28f192ceb452d1d7ee807c5597b7"},
    {file = "charset_normalizer-3.3.2-cp312-cp312-win_amd64.whl", hash = "sha256:96b02a3dc4381e5494fad39be677abcb5e6634bf7b4fa83a6dd3112607547001"},
    {file = "charset_normalizer-3.3.2-cp38-cp38-macosx_10_9_universal2.whl", hash = "sha256:6463effa3186ea09411d50efc7d85360b38d5f09b870c48e4600f63af490e56a"},
    {file = "charset_normalizer-3.3.2-cp38-cp38-macosx_10_9_x86_64.whl", hash = "sha256:6c4caeef8fa63d06bd437cd4bdcf3ffefe6738fb1b25951440d80dc7df8c03ac"},
    {file = "charset_normalizer-3.3.2-cp38-cp38-macosx_11_0_arm64.whl", hash = "sha256:37e55c8e51c236f95b033f6fb391d7d7970ba5fe7ff453dad675e88cf303377a"},
    {file = "charset_normalizer-3.3.2-cp38-cp38-manylinux_2_17_aarch64.manylinux2014_aarch64.whl", hash = "sha256:fb69256e180cb6c8a894fee62b3afebae785babc1ee98b81cdf68bbca1987f33"},
    {file = "charset_normalizer-3.3.2-cp38-cp38-manylinux_2_17_ppc64le.manylinux2014_ppc64le.whl", hash = "sha256:ae5f4161f18c61806f411a13b0310bea87f987c7d2ecdbdaad0e94eb2e404238"},
    {file = "charset_normalizer-3.3.2-cp38-cp38-manylinux_2_17_s390x.manylinux2014_s390x.whl", hash = "sha256:b2b0a0c0517616b6869869f8c581d4eb2dd83a4d79e0ebcb7d373ef9956aeb0a"},
    {file = "charset_normalizer-3.3.2-cp38-cp38-manylinux_2_17_x86_64.manylinux2014_x86_64.whl", hash = "sha256:45485e01ff4d3630ec0d9617310448a8702f70e9c01906b0d0118bdf9d124cf2"},
    {file = "charset_normalizer-3.3.2-cp38-cp38-manylinux_2_5_i686.manylinux1_i686.manylinux_2_17_i686.manylinux2014_i686.whl", hash = "sha256:eb00ed941194665c332bf8e078baf037d6c35d7c4f3102ea2d4f16ca94a26dc8"},
    {file = "charset_normalizer-3.3.2-cp38-cp38-musllinux_1_1_aarch64.whl", hash = "sha256:2127566c664442652f024c837091890cb1942c30937add288223dc895793f898"},
    {file = "charset_normalizer-3.3.2-cp38-cp38-musllinux_1_1_i686.whl", hash = "sha256:a50aebfa173e157099939b17f18600f72f84eed3049e743b68ad15bd69b6bf99"},
    {file = "charset_normalizer-3.3.2-cp38-cp38-musllinux_1_1_ppc64le.whl", hash = "sha256:4d0d1650369165a14e14e1e47b372cfcb31d6ab44e6e33cb2d4e57265290044d"},
    {file = "charset_normalizer-3.3.2-cp38-cp38-musllinux_1_1_s390x.whl", hash = "sha256:923c0c831b7cfcb071580d3f46c4baf50f174be571576556269530f4bbd79d04"},
    {file = "charset_normalizer-3.3.2-cp38-cp38-musllinux_1_1_x86_64.whl", hash = "sha256:06a81e93cd441c56a9b65d8e1d043daeb97a3d0856d177d5c90ba85acb3db087"},
    {file = "charset_normalizer-3.3.2-cp38-cp38-win32.whl", hash = "sha256:6ef1d82a3af9d3eecdba2321dc1b3c238245d890843e040e41e470ffa64c3e25"},
    {file = "charset_normalizer-3.3.2-cp38-cp38-win_amd64.whl", hash = "sha256:eb8821e09e916165e160797a6c17edda0679379a4be5c716c260e836e122f54b"},
    {file = "charset_normalizer-3.3.2-cp39-cp39-macosx_10_9_universal2.whl", hash = "sha256:c235ebd9baae02f1b77bcea61bce332cb4331dc3617d254df3323aa01ab47bd4"},
    {file = "charset_normalizer-3.3.2-cp39-cp39-macosx_10_9_x86_64.whl", hash = "sha256:5b4c145409bef602a690e7cfad0a15a55c13320ff7a3ad7ca59c13bb8ba4d45d"},
    {file = "charset_normalizer-3.3.2-cp39-cp39-macosx_11_0_arm64.whl", hash = "sha256:68d1f8a9e9e37c1223b656399be5d6b448dea850bed7d0f87a8311f1ff3dabb0"},
    {file = "charset_normalizer-3.3.2-cp39-cp39-manylinux_2_17_aarch64.manylinux2014_aarch64.whl", hash = "sha256:22afcb9f253dac0696b5a4be4a1c0f8762f8239e21b99680099abd9b2b1b2269"},
    {file = "charset_normalizer-3.3.2-cp39-cp39-manylinux_2_17_ppc64le.manylinux2014_ppc64le.whl", hash = "sha256:e27ad930a842b4c5eb8ac0016b0a54f5aebbe679340c26101df33424142c143c"},
    {file = "charset_normalizer-3.3.2-cp39-cp39-manylinux_2_17_s390x.manylinux2014_s390x.whl", hash = "sha256:1f79682fbe303db92bc2b1136016a38a42e835d932bab5b3b1bfcfbf0640e519"},
    {file = "charset_normalizer-3.3.2-cp39-cp39-manylinux_2_17_x86_64.manylinux2014_x86_64.whl", hash = "sha256:b261ccdec7821281dade748d088bb6e9b69e6d15b30652b74cbbac25e280b796"},
    {file = "charset_normalizer-3.3.2-cp39-cp39-manylinux_2_5_i686.manylinux1_i686.manylinux_2_17_i686.manylinux2014_i686.whl", hash = "sha256:122c7fa62b130ed55f8f285bfd56d5f4b4a5b503609d181f9ad85e55c89f4185"},
    {file = "charset_normalizer-3.3.2-cp39-cp39-musllinux_1_1_aarch64.whl", hash = "sha256:d0eccceffcb53201b5bfebb52600a5fb483a20b61da9dbc885f8b103cbe7598c"},
    {file = "charset_normalizer-3.3.2-cp39-cp39-musllinux_1_1_i686.whl", hash = "sha256:9f96df6923e21816da7e0ad3fd47dd8f94b2a5ce594e00677c0013018b813458"},
    {file = "charset_normalizer-3.3.2-cp39-cp39-musllinux_1_1_ppc64le.whl", hash = "sha256:7f04c839ed0b6b98b1a7501a002144b76c18fb1c1850c8b98d458ac269e26ed2"},
    {file = "charset_normalizer-3.3.2-cp39-cp39-musllinux_1_1_s390x.whl", hash = "sha256:34d1c8da1e78d2e001f363791c98a272bb734000fcef47a491c1e3b0505657a8"},
    {file = "charset_normalizer-3.3.2-cp39-cp39-musllinux_1_1_x86_64.whl", hash = "sha256:ff8fa367d09b717b2a17a052544193ad76cd49979c805768879cb63d9ca50561"},
    {file = "charset_normalizer-3.3.2-cp39-cp39-win32.whl", hash = "sha256:aed38f6e4fb3f5d6bf81bfa990a07806be9d83cf7bacef998ab1a9bd660a581f"},
    {file = "charset_normalizer-3.3.2-cp39-cp39-win_amd64.whl", hash = "sha256:b01b88d45a6fcb69667cd6d2f7a9aeb4bf53760d7fc536bf679ec94fe9f3ff3d"},
    {file = "charset_normalizer-3.3.2-py3-none-any.whl", hash = "sha256:3e4d1f6587322d2788836a99c69062fbb091331ec940e02d12d179c1d53e25fc"},
]

[[package]]
name = "colorama"
version = "0.4.6"
requires_python = "!=3.0.*,!=3.1.*,!=3.2.*,!=3.3.*,!=3.4.*,!=3.5.*,!=3.6.*,>=2.7"
summary = "Cross-platform colored terminal text."
groups = ["default", "dev"]
marker = "sys_platform == \"win32\" or platform_system == \"Windows\""
files = [
    {file = "colorama-0.4.6-py2.py3-none-any.whl", hash = "sha256:4f1d9991f5acc0ca119f9d443620b77f9d6b33703e51011c16baf57afb285fc6"},
    {file = "colorama-0.4.6.tar.gz", hash = "sha256:08695f5cb7ed6e0531a20572697297273c47b8cae5a63ffc6d6ed5c201be6e44"},
]

[[package]]
name = "exceptiongroup"
version = "1.2.1"
requires_python = ">=3.7"
summary = "Backport of PEP 654 (exception groups)"
groups = ["dev"]
marker = "python_version < \"3.11\""
files = [
    {file = "exceptiongroup-1.2.1-py3-none-any.whl", hash = "sha256:5258b9ed329c5bbdd31a309f53cbfb0b155341807f6ff7606a1e801a891b29ad"},
    {file = "exceptiongroup-1.2.1.tar.gz", hash = "sha256:a4785e48b045528f5bfe627b6ad554ff32def154f42372786903b7abcfe1aa16"},
]

[[package]]
name = "file-read-backwards"
version = "3.2.0"
summary = "Memory efficient way of reading files line-by-line from the end of file"
groups = ["default"]
files = [
    {file = "file_read_backwards-3.2.0-py2.py3-none-any.whl", hash = "sha256:15b261b3b65cd1452f5a66fad3e81e3fd15b1ba2c0e3a224ef0ba0f6392ec1a9"},
    {file = "file_read_backwards-3.2.0.tar.gz", hash = "sha256:5478d305ebaeaae8fe3c6585a24dfc3262170224450acc9321398f0d26cdd109"},
]

[[package]]
name = "idna"
version = "3.7"
requires_python = ">=3.5"
summary = "Internationalized Domain Names in Applications (IDNA)"
groups = ["default"]
files = [
    {file = "idna-3.7-py3-none-any.whl", hash = "sha256:82fee1fc78add43492d3a1898bfa6d8a904cc97d8427f683ed8e798d07761aa0"},
    {file = "idna-3.7.tar.gz", hash = "sha256:028ff3aadf0609c1fd278d8ea3089299412a7a8b9bd005dd08b9f8285bcb5cfc"},
]

[[package]]
name = "iniconfig"
version = "2.0.0"
requires_python = ">=3.7"
summary = "brain-dead simple config-ini parsing"
groups = ["dev"]
files = [
    {file = "iniconfig-2.0.0-py3-none-any.whl", hash = "sha256:b6a85871a79d2e3b22d2d1b94ac2824226a63c6b741c88f7ae975f18b6778374"},
    {file = "iniconfig-2.0.0.tar.gz", hash = "sha256:2d91e135bf72d31a410b17c16da610a82cb55f6b0477d1a902134b24a455b8b3"},
]

[[package]]
name = "internetarchive"
version = "5.11.0"
requires_python = ">=3.10"
summary = "A Python interface to archive.org."
groups = ["default"]
dependencies = [
    "jsonpatch>=0.4",
    "requests<3.0.0,>=2.25.0",
    "tqdm>=4.0.0",
    "urllib3>=1.26.0",
]
files = [
    {file = "internetarchive-5.11.0-py3-none-any.whl", hash = "sha256:d45ad066a75750d9bd99720a7e1f3e40c2fc78b8f166461bb3d8a6cf6c46cb77"},
    {file = "internetarchive-5.11.0.tar.gz", hash = "sha256:58366050a46255d689f82bcc996710adb56a0f6876b0a6c781332c1eefdb96f0"},
]

[[package]]
name = "jsonpatch"
version = "1.33"
requires_python = ">=2.7, !=3.0.*, !=3.1.*, !=3.2.*, !=3.3.*, !=3.4.*, !=3.5.*, !=3.6.*"
summary = "Apply JSON-Patches (RFC 6902) "
groups = ["default"]
dependencies = [
    "jsonpointer>=1.9",
]
files = [
    {file = "jsonpatch-1.33-py2.py3-none-any.whl", hash = "sha256:0ae28c0cd062bbd8b8ecc26d7d164fbbea9652a1a3693f3b956c1eae5145dade"},
    {file = "jsonpatch-1.33.tar.gz", hash = "sha256:9fcd4009c41e6d12348b4a0ff2563ba56a2923a7dfee731d004e212e1ee5030c"},
]

[[package]]
name = "jsonpointer"
version = "3.0.0"
requires_python = ">=3.7"
summary = "Identify specific nodes in a JSON document (RFC 6901) "
groups = ["default"]
files = [
    {file = "jsonpointer-3.0.0-py2.py3-none-any.whl", hash = "sha256:13e088adc14fca8b6aa8177c044e12701e6ad4b28ff10e65f2267a90109c9942"},
    {file = "jsonpointer-3.0.0.tar.gz", hash = "sha256:2b2d729f2091522d61c3b31f82e11870f60b68f43fbc705cb76bf4b832af59ef"},
]

[[package]]
name = "lxml"
version = "6.1.1"
requires_python = ">=3.8"
summary = "Powerful and Pythonic XML processing library combining libxml2/libxslt with the ElementTree API."
groups = ["default"]
files = [
    {file = "lxml-6.1.1-cp310-cp310-macosx_10_9_universal2.whl", hash = "sha256:09dd5b7075dc2f7709654a46543ba1ea3c2e217b2ed8fbd413a8a945a0f40f60"},
    {file = "lxml-6.1.1-cp310-cp310-macosx_10_9_x86_64.whl", hash = "sha256:f6ac4ef4d82dff54670227a69c67782ae0b811b5cf6b17954f1e8f7502fc0d1d"},
    {file = "lxml-6.1.1-cp310-cp310-manylinux2014_aarch64.manylinux_2_17_aarch64.whl", hash = "sha256:556e94a63c9b04716f8e4de2abb65775061f846e89331b6c5be79183a24f98ea"},
    {file = "lxml-6.1.1-cp310-cp310-manylinux2014_x86_64.manylinux_2_17_x86_64.whl", hash = "sha256:5c6bf403fbb3b3e348a561a5f4f0b9961835657981c802a1df03653eef8a9074"},
    {file = "lxml-6.1.1-cp310-cp310-manylinux_2_26_aarch64.manylinux_2_28_aarch64.whl", hash = "sha256:1dde6131244bba38a17c745836ba190bc753fd73c9291666287fd0a3fa3dcf30"},
    {file = "lxml-6.1.1-cp310-cp310-manylinux_2_26_x86_64.manylinux_2_28_x86_64.whl", hash = "sha256:98fc784c2c1440667aeedf8465bdfe10208acf0ead656a2c68627299f546b315"},
    {file = "lxml-6.1.1-cp310-cp310-manylinux_2_28_i686.whl", hash = "sha256:add8cf6ddf9a65116119a28ece0f7886e30af27ba724a7594305f1d1b58a92a1"},
    {file = "lxml-6.1.1-cp310-cp310-manylinux_2_31_armv7l.whl", hash = "sha256:cf9d57306d848218f3601fee7601fab1a327c942d56e2e97610583cb4dd74206"},
    {file = "lxml-6.1.1-cp310-cp310-manylinux_2_38_riscv64.manylinux_2_39_riscv64.whl", hash = "sha256:88136950da4d13c318bde414ce10219931937851327f44328f2df4d2c4614067"},
    {file = "lxml-6.1.1-cp310-cp310-musllinux_1_2_aarch64.whl", hash = "sha256:cecdd5dfdc87b1fd87dbf81d4b037a544f47f4c744200a67013771682d67686a"},
    {file = "lxml-6.1.1-cp310-cp310-musllinux_1_2_armv7l.whl", hash = "sha256:cd312b9692e831d2ffcad61eab31d91d4b4655a962e61de8fb410472cbcd37aa"},
    {file = "lxml-6.1.1-cp310-cp310-musllinux_1_2_riscv64.whl", hash = "sha256:5b7328b46d49fc9477d91ae8f6d55340347d827b7734ba3ea33faae0efef1383"},
    {file = "lxml-6.1.1-cp310-cp310-musllinux_1_2_x86_64.whl", hash = "sha256:37a58976370f36d9329d118ad0b953c5aeb9119ac9c6a4e258942a225d0573a1"},
    {file = "lxml-6.1.1-cp310-cp310-win32.whl", hash = "sha256:cea3f4c1af79af13cdb2da0c028111d8f8522d4f22a000c82385535f24e5cf3a"},
    {file = "lxml-6.1.1-cp310-cp310-win_amd64.whl", hash = "sha256:3abf332af33a74288675d936fe861fd4344da0dd6622193fbc4f2bfbb35536b5"},
    {file = "lxml-6.1.1-cp310-cp310-win_arm64.whl", hash = "sha256:8dadbe5b217ff35b6a8d16610dd710219b59b76d13f0e3f0d9f36786206e4485"},
    {file = "lxml-6.1.1-cp311-cp311-macosx_10_9_universal2.whl", hash = "sha256:53b7d2b7a10b1c35c0a5e21e9224accf60c1bbfba523990732e521b2b73adef2"},
    {file = "lxml-6.1.1-cp311-cp311-macosx_10_9_x86_64.whl", hash = "sha256:ff3f333630ab480244a1bff72043e511a91eb22e7595dead8653ee5612dd8f3d"},
    {file = "lxml-6.1.1-cp311-cp311-manylinux2014_aarch64.manylinux_2_17_aarch64.whl", hash = "sha256:a4bbea04c97f6d78a48e3fbc1cb9116d2780b1b39e03a23f6eb9b603fd61f510"},
    {file = "lxml-6.1.1-cp311-cp311-manylinux2014_x86_64.manylinux_2_17_x86_64.whl", hash = "sha256:db1d75f6617a49c1c01bc7023713e0ff59ab32c9579ae62a7674c0e34f3b0b0a"},
    {file = "lxml-6.1.1-cp311-cp311-manylinux_2_26_aarch64.manylinux_2_28_aarch64.whl", hash = "sha256:3a12689be69a28ddaa0ab99a5a1137da2afd5f8f16df7b5680b66f616d3eda1d"},
    {file = "lxml-6.1.1-cp311-cp311-manylinux_2_26_x86_64.manylinux_2_28_x86_64.whl", hash = "sha256:18b73c339ae29b90fd2d06e58ebd555a751bde9cd6bbd36cc0281b9a2c94e9d8"},
    {file = "lxml-6.1.1-cp311-cp311-manylinux_2_28_i686.whl", hash = "sha256:752d3bbfe874715ccd0aec7f88d7fc623c0f1fd7aa7b3238a084e017bad2a009"},
    {file = "lxml-6.1.1-cp311-cp311-manylinux_2_31_armv7l.whl", hash = "sha256:6b1761fbf9ec984e2e9d9c589ef5f5fd684b7c19f92aadd567a26c5224958db6"},
    {file = "lxml-6.1.1-cp311-cp311-manylinux_2_38_riscv64.manylinux_2_39_riscv64.whl", hash = "sha256:d680fbcb768404c601ecb43519ecd8461f6954cb11c06a78962f666832ccfca8"},
    {file = "lxml-6.1.1-cp311-cp311-musllinux_1_2_aarch64.whl", hash = "sha256:162af1091cd785f2f27e62d3547ae9bc58ec5c86dd314d67021fd02463708d83"},
    {file = "lxml-6.1.1-cp311-cp311-musllinux_1_2_armv7l.whl", hash = "sha256:e9308ff8241c532df3f3e570f9a5aeed6c853f888512ba4b75638d7c11c95ef6"},
    {file = "lxml-6.1.1-cp311-cp311-musllinux_1_2_riscv64.whl", hash = "sha256:5f6994074ebae6ffb04447268e37dc16edc304f9859cf91acb86e0af6c1b395c"},
    {file = "lxml-6.1.1-cp311-cp311-musllinux_1_2_x86_64.whl", hash = "sha256:80c2dfadb855da477cf73373ad29a333535dedb9b12bad02c9814c8e2b43bf08"},
    {file = "lxml-6.1.1-cp311-cp311-win32.whl", hash = "sha256:30a89d3ac8faec007453fb541f3f46807eeec88edd5826f6e3fe001752a2c621"},
    {file = "lxml-6.1.1-cp311-cp311-win_amd64.whl", hash = "sha256:abbefa31eee84842140f67acef1c828e28bba8bbf0c3bc6e5492a9af88152c28"},
    {file = "lxml-6.1.1-cp311-cp311-win_arm64.whl", hash = "sha256:dcb292aa7fe485ceff7af4f92e46c5af397daec5dff64871a528f0fc47a3cc5b"},
    {file = "lxml-6.1.1-cp312-cp312-macosx_10_13_universal2.whl", hash = "sha256:104c09bda8d2a562824c0e319d0768ce26a779b7601e0931d33b09b53c392ef7"},
    {file = "lxml-6.1.1-cp312-cp312-macosx_10_13_x86_64.whl", hash = "sha256:25c6997a9a534e016695a0ba06b2f07945de682731ff01065b6d5a4474179da1"},
    {file = "lxml-6.1.1-cp312-cp312-manylinux2014_aarch64.manylinux_2_17_aarch64.whl", hash = "sha256:c921ba5c51e4e9f63b8b00267d06566e1f63407408a0496da2d1d0bfc819c7fc"},
    {file = "lxml-6.1.1-cp312-cp312-manylinux2014_x86_64.manylinux_2_17_x86_64.whl", hash = "sha256:54a7f95e4de5fb94e2f9f4b9055c6ba33bf3d628fd77a1d647c5923caa2cdcdc"},
    {file = "lxml-6.1.1-cp312-cp312-manylinux_2_26_aarch64.manylinux_2_28_aarch64.whl", hash = "sha256:96f2ec43df44b1f76249ee0a615334f9b5b060e1c8bd90e706dad2d14d02f383"},
    {file = "lxml-6.1.1-cp312-cp312-manylinux_2_26_ppc64le.manylinux_2_28_ppc64le.whl", hash = "sha256:70ef8a7e102a1508f8121aae5b0867abd663f72c14f0a9c937e6554cb4587b7b"},
    {file = "lxml-6.1.1-cp312-cp312-manylinux_2_26_x86_64.manylinux_2_28_x86_64.whl", hash = "sha256:ebe6af670449830d6d9b752c256a983291c766a1365ba5d5460048f9e33a7818"},
    {file = "lxml-6.1.1-cp312-cp312-manylinux_2_28_i686.whl", hash = "sha256:27acc820660aaffa4f7c087f29120e12980f7779d56d8492d263170111284740"},
    {file = "lxml-6.1.1-cp312-cp312-manylinux_2_31_armv7l.whl", hash = "sha256:1db753c9115ec7100d073b744d17e25e88a8f90f5c39b2f5dd878149af59671f"},
    {file = "lxml-6.1.1-cp312-cp312-manylinux_2_38_riscv64.manylinux_2_39_riscv64.whl", hash = "sha256:c4f469aebd783bb741c2ecb2a681008fd26bfe5c16a9a72ed5467f834e810df2"},
    {file = "lxml-6.1.1-cp312-cp312-musllinux_1_2_aarch64.whl", hash = "sha256:766b010012d59470072c1816b5b6c69f1d243e5db36ea5968e94accf430a4635"},
    {file = "lxml-6.1.1-cp312-cp312-musllinux_1_2_armv7l.whl", hash = "sha256:b8d812c6011c08b8111a15e54dd990b8923692d80adf35488bee34026c35accf"},
    {file = "lxml-6.1.1-cp312-cp312-musllinux_1_2_ppc64le.whl", hash = "sha256:fe0306bd29505a9177aac19f1877174b0e7422c222a59f70b2cd41633448c3dc"},
    {file = "lxml-6.1.1-cp312-cp312-musllinux_1_2_riscv64.whl", hash = "sha256:5ba186ad207446c65d3bb3d3e0412b032b1d9f595e59861e2354798c5703d955"},
    {file = "lxml-6.1.1-cp312-cp312-musllinux_1_2_x86_64.whl", hash = "sha256:aa366a1e55b8ebfe8ca8ddc3cfe75c8ebade181aeb0f661d0cb05986b647f72a"},
    {file = "lxml-6.1.1-cp312-cp312-win32.whl", hash = "sha256:126c93f7f56f0eda92f6d8c619edc463a4f23d9252f1c9d0405a76f25fa9f11a"},
    {file = "lxml-6.1.1-cp312-cp312-win_amd64.whl", hash = "sha256:26e6eda8d38c1fcab1090dd196ee87cbd13788e531937610e2589085de074e77"},
    {file = "lxml-6.1.1-cp312-cp312-win_arm64.whl", hash = "sha256:6540377fbd53fe1b629172288c464fb18db11ce1fa7dc15891da10aa9dcc3e7f"},
    {file = "lxml-6.1.1-cp313-cp313-macosx_10_13_universal2.whl", hash = "sha256:68a9198d0fc122d14bb76837de9aa80cf84caed990b5b237f532ed87d3706736"},
    {file = "lxml-6.1.1-cp313-cp313-macosx_10_13_x86_64.whl", hash = "sha256:7d47866cb32fb503450b6edc9df355d10dc49836af2e89901bd6ac6b0896d9d9"},
    {file = "lxml-6.1.1-cp313-cp313-manylinux2014_aarch64.manylinux_2_17_aarch64.whl", hash = "sha256:eb7c9811bfaa8b1ed5ed319f5d370dfbcaa59d52ea64be2a5a85e18195930354"},
    {file = "lxml-6.1.1-cp313-cp313-manylinux2014_x86_64.manylinux_2_17_x86_64.whl", hash = "sha256:762ff394d5bd56da0cf034a23dcce4e13923f15321a2adfa2ac00201dc6d3fca"},
    {file = "lxml-6.1.1-cp313-cp313-manylinux_2_26_aarch64.manylinux_2_28_aarch64.whl", hash = "sha256:a088f287f7d8275a33c07f2cac6c50b9319309a0200a39e7e75d80c707723099"},
    {file = "lxml-6.1.1-cp313-cp313-manylinux_2_26_ppc64le.manylinux_2_28_ppc64le.whl", hash = "sha256:e902da4b04e6b52e5893900d4b8ab46068f75f3561f01bf1080957f9fd932ed6"},
    {file = "lxml-6.1.1-cp313-cp313-manylinux_2_26_x86_64.manylinux_2_28_x86_64.whl", hash = "sha256:1d4962d4c66bf830a7e59ed6cfc17d148149898a3aefa8ec6e59763e6e3ed085"},
    {file = "lxml-6.1.1-cp313-cp313-manylinux_2_28_i686.whl", hash = "sha256:581d4c8ae690a6609e64862dd6b7c2489635c2d13907fc2b20f2bc200ff1d21e"},
    {file = "lxml-6.1.1-cp313-cp313-manylinux_2_31_armv7l.whl", hash = "sha256:876e1ff5930ed8bf295ec5ef9a8155e9b6b1876bbf1deed8b3a8069311875a8f"},
    {file = "lxml-6.1.1-cp313-cp313-manylinux_2_38_riscv64.manylinux_2_39_riscv64.whl", hash = "sha256:9eb9b5a968f6e0f6d640092a567e14529ff8cea2e29d00da6f78a79fa49f013c"},
    {file = "lxml-6.1.1-cp313-cp313-musllinux_1_2_aarch64.whl", hash = "sha256:aa49e06d94aba782c6a02eecb7e507969e7e7a41b267f1b359bb35585f295d5b"},
    {file = "lxml-6.1.1-cp313-cp313-musllinux_1_2_armv7l.whl", hash = "sha256:70cdfd80589d59e43e18005dd7244e8895e93db8ab6a620b7e23df5445a4e3d2"},
    {file = "lxml-6.1.1-cp313-cp313-musllinux_1_2_ppc64le.whl", hash = "sha256:aad9aa39483ed8ec44d6d2e59e5b98a0d80676ef0d92f44bfc374836111f62f5"},
    {file = "lxml-6.1.1-cp313-cp313-musllinux_1_2_riscv64.whl", hash = "sha256:d49514be2f28d895c38cf9d2b72d7b9a07d00314519f456c0b50b53cfcf4c785"},
    {file = "lxml-6.1.1-cp313-cp313-musllinux_1_2_x86_64.whl", hash = "sha256:47402e62c52ff5988c1e8c6c63177f5708bccf48e366dea4e3dcf1e645e04947"},
    {file = "lxml-6.1.1-cp313-cp313-win32.whl", hash = "sha256:3483644525531e1d5762b0c44a8e18b6efba321b6dcf8a8952de10b037618bca"},
    {file = "lxml-6.1.1-cp313-cp313-win_amd64.whl", hash = "sha256:a10bd2fd62e8ce916ececb342f348f190724a098c1faa056fdfb2a22ad5e8660"},
    {file = "lxml-6.1.1-cp313-cp313-win_arm64.whl", hash = "sha256:424aa57aca0897eb922aef34395bd1289b3b6f04e6bae20ea123c0c7e333cffc"},
    {file = "lxml-6.1.1-cp314-cp314-macosx_10_15_universal2.whl", hash = "sha256:19b7ab10b210b0b3ad7985d9ac4eb66ab09a90b20fe6e2f7ba55d01a234345d0"},
    {file = "lxml-6.1.1-cp314-cp314-macosx_10_15_x86_64.whl", hash = "sha256:c08e5c694306507275f2290073350c4f32e383db15213b2c69e7ff39c1193840"},
    {file = "lxml-6.1.1-cp314-cp314-manylinux2014_aarch64.manylinux_2_17_aarch64.whl", hash = "sha256:74a9717fd0d82effef5c2854f0d917231d5324b5a3eb7275c43ac9fa32f97a14"},
    {file = "lxml-6.1.1-cp314-cp314-manylinux2014_x86_64.manylinux_2_17_x86_64.whl", hash = "sha256:efe0374196335f93b53269acd811b944f2e6bdc88e8894f214bd636455484909"},
    {file = "lxml-6.1.1-cp314-cp314-manylinux_2_26_aarch64.manylinux_2_28_aarch64.whl", hash = "sha256:ac931cdc9442c1763b8a8f6cd62c0c938737eafc5be75eff88df55fc73bc0d00"},
    {file = "lxml-6.1.1-cp314-cp314-manylinux_2_26_ppc64le.manylinux_2_28_ppc64le.whl", hash = "sha256:aee395f5d0927f947758b4ec119fd5fc8ec71f07a1c5c52077b30b04c0fa6955"},
    {file = "lxml-6.1.1-cp314-cp314-manylinux_2_26_x86_64.manylinux_2_28_x86_64.whl", hash = "sha256:9395002973c827b3ed67db77e6ec09f092919a587022174554096a269378fb13"},
    {file = "lxml-6.1.1-cp314-cp314-manylinux_2_28_i686.whl", hash = "sha256:73bc2086f141224ebddb7fc5c6a36ca58b31b94b561e1dfe8e073e3270fad1e7"},
    {file = "lxml-6.1.1-cp314-cp314-manylinux_2_31_armv7l.whl", hash = "sha256:3779def59032b81e44a5f70096ef6bf2082f8d901937dca354474ba09782e245"},
    {file = "lxml-6.1.1-cp314-cp314-manylinux_2_38_riscv64.manylinux_2_39_riscv64.whl", hash = "sha256:86c89b9d55ebf820ad7c90bc533410f0d098054f293351f10603c0c46ff598f5"},
    {file = "lxml-6.1.1-cp314-cp314-musllinux_1_2_aarch64.whl", hash = "sha256:19607c6bbff2a44cf3fe8250abccd20942d3462473e0a721d01d379ed017e462"},
    {file = "lxml-6.1.1-cp314-cp314-musllinux_1_2_armv7l.whl", hash = "sha256:c6ed5141a5c7507cf3ee76bd363b0d6f801e3321adc35b5d825a23115faa5465"},
    {file = "lxml-6.1.1-cp314-cp314-musllinux_1_2_ppc64le.whl", hash = "sha256:62aeb7e85b5d60320b9d77eef2e773994e2c0ce10121b277e0a19804e1654a5a"},
    {file = "lxml-6.1.1-cp314-cp314-musllinux_1_2_riscv64.whl", hash = "sha256:b1b963fd8f5caa68e99dfae060d54de1fe9cba899b8718b44a00cdca53c3e590"},
    {file = "lxml-6.1.1-cp314-cp314-musllinux_1_2_x86_64.whl", hash = "sha256:63876be28efefa04a1df615b46770e82042cce445cfdce55160522f57b231ccb"},
    {file = "lxml-6.1.1-cp314-cp314-win32.whl", hash = "sha256:7f7a92e8583f06b1fd49d01158143b8461cfcd135dcb10ec807270a3051bd603"},
    {file = "lxml-6.1.1-cp314-cp314-win_amd64.whl", hash = "sha256:b2d444f2e66624d68e9c6b211e28a76e22fff5fcabcfff4deac18b529b7d4137"},
    {file = "lxml-6.1.1-cp314-cp314-win_arm64.whl", hash = "sha256:3fd9728a2735fda14f4e8235830c86b539e9661e849665bf926d3f867943b4bf"},
    {file = "lxml-6.1.1-cp314-cp314t-macosx_10_15_universal2.whl", hash = "sha256:787b2496d0dbe8cd180984e8d29e3a6f76e7ea34db781cb3bd55e4ba1ef8b4ee"},
    {file = "lxml-6.1.1-cp314-cp314t-macosx_10_15_x86_64.whl", hash = "sha256:2c8daa471358dc2d6fcf02165e80ec68f77871a286df95bc5cc3816153b0fd2c"},
    {file = "lxml-6.1.1-cp314-cp314t-manylinux2014_aarch64.manylinux_2_17_aarch64.whl", hash = "sha256:acd7d70b64c0aae0c7922cca83d288a16f5f6da523637697872253415269baef"},
    {file = "lxml-6.1.1-cp314-cp314t-manylinux2014_x86_64.manylinux_2_17_x86_64.whl", hash = "sha256:4f0dd2f01f9f8a89f565d000e03abcf0a13d692a346c8d22f628d49af098777a"},
    {file = "lxml-6.1.1-cp314-cp314t-manylinux_2_26_aarch64.manylinux_2_28_aarch64.whl", hash = "sha256:0b7e8a14c8634bf6f7a568634cb395305a6d964aeb5b7ee32248094bed3a7e2c"},
    {file = "lxml-6.1.1-cp314-cp314t-manylinux_2_26_ppc64le.manylinux_2_28_ppc64le.whl", hash = "sha256:86281fbdd6a8162756f8d603f37e3435bfa38043adb79c6dc6a2dfee065e7525"},
    {file = "lxml-6.1.1-cp314-cp314t-manylinux_2_26_x86_64.manylinux_2_28_x86_64.whl", hash = "sha256:c5d7152ec39ca7c402d8fb9bad86140a15b9503bd0c54484e3f1bbe3dd37ceca"},
    {file = "lxml-6.1.1-cp314-cp314t-manylinux_2_28_i686.whl", hash = "sha256:88d8cb75b9d82858497a5393e3c63cfbf03035225e4b35a49ed7ccb151e4dc0e"},
    {file = "lxml-6.1.1-cp314-cp314t-manylinux_2_31_armv7l.whl", hash = "sha256:f64ec5397ea6a41fc1b4af0380d79b44a755b5531dcaccd9940fb260dca93038"},
    {file = "lxml-6.1.1-cp314-cp314t-manylinux_2_38_riscv64.manylinux_2_39_riscv64.whl", hash = "sha256:d34bbf07dbc7ca5970671b1512e928991fb5e9d95365636c9b2d8b4f53af405e"},
    {file = "lxml-6.1.1-cp314-cp314t-musllinux_1_2_aarch64.whl", hash = "sha256:17e0e18d4ad8adbd0399291bc44845b69d9dd68439a3cdebdf35ff902ec05072"},
    {file = "lxml-6.1.1-cp314-cp314t-musllinux_1_2_armv7l.whl", hash = "sha256:3ab541146f1f6968c462d6c2ac495148e8cdba2f8347700b2141b6ec5a75bf52"},
    {file = "lxml-6.1.1-cp314-cp314t-musllinux_1_2_ppc64le.whl", hash = "sha256:2a0217714657e023ef4293500f65aa20fce6164c8fd6b08fa5bd4a859fb14b9b"},
    {file = "lxml-6.1.1-cp314-cp314t-musllinux_1_2_riscv64.whl", hash = "sha256:05a82eb6e1530a64f26225b55cbd178113bd0b5af1c2b625f25e5296742c26d2"},
    {file = "lxml-6.1.1-cp314-cp314t-musllinux_1_2_x86_64.whl", hash = "sha256:9e36f163528fc50cbef305f02a5fd66d404edf7049cdaff211dbc2cba5a7013e"},
    {file = "lxml-6.1.1-cp314-cp314t-win32.whl", hash = "sha256:649dda677cf3bd6ac9ae14007ba0c824ded8ce5808b53fc7431d9140399118c1"},
    {file = "lxml-6.1.1-cp314-cp314t-win_amd64.whl", hash = "sha256:793033d6c5cdf33a573f910d9bea14ef8f5771820411d118da8e1182edb53d5e"},
    {file = "lxml-6.1.1-cp314-cp314t-win_arm64.whl", hash = "sha256:58bb955caba94e467d2a96da17660d2d704e0675894cba21ab8a775b8621fd1c"},
    {file = "lxml-6.1.1-pp311-pypy311_pp73-macosx_10_15_x86_64.whl", hash = "sha256:31033dc34636ea6b7d5cc11b1ddbda78a14de858ba9d3e1ed4b69a3085bc521e"},
    {file = "lxml-6.1.1-pp311-pypy311_pp73-manylinux2014_aarch64.manylinux_2_17_aarch64.whl", hash = "sha256:3893c14c4b6ac5b2d54ba8cf03e99fe5104e592de491f19bd6b82756c09f8004"},
    {file = "lxml-6.1.1-pp311-pypy311_pp73-manylinux2014_x86_64.manylinux_2_17_x86_64.whl", hash = "sha256:c07da4cebf6889f03ebac8d238f62318e29f495de0aa18a51ea14e61ae907e2e"},
    {file = "lxml-6.1.1-pp311-pypy311_pp73-manylinux_2_26_aarch64.manylinux_2_28_aarch64.whl", hash = "sha256:f6f0ce10945fab9c4c06ce14e22af9059d1a87493a9af4501a5b0b9187e21cf2"},
    {file = "lxml-6.1.1-pp311-pypy311_pp73-manylinux_2_26_x86_64.manylinux_2_28_x86_64.whl", hash = "sha256:f8844cd288697c6425c9beba919302241e3278871dc6519515e72b04e987abcf"},
    {file = "lxml-6.1.1-pp311-pypy311_pp73-win_amd64.whl", hash = "sha256:ed21202aec73cda4d55d1ce57b389aadb90ffb044e6cd1080b8347efe1b1ec84"},
    {file = "lxml-6.1.1.tar.gz", hash = "sha256:ba96ae44888e0185281e937633a743ea90d5a196c6000f82565ebb0580012d40"},
]

[[package]]
name = "mwclient"
version = "0.11.0"
summary = "MediaWiki API client"
groups = ["default"]
dependencies = [
    "requests-oauthlib",
]
files = [
    {file = "mwclient-0.11.0-py3-none-any.whl", hash = "sha256:27914a307cb4539fd49a16d634c9c777c0de0976b3af9225bd95d4657bfd4d74"},
    {file = "mwclient-0.11.0.tar.gz", hash = "sha256:2bb7696f3703243eb33514ab162d7f6076dcedd011be90682936046c5e34fd06"},
]

[[package]]
name = "oauthlib"
version = "3.2.2"
requires_python = ">=3.6"
summary = "A generic, spec-compliant, thorough implementation of the OAuth request-signing logic"
groups = ["default"]
files = [
    {file = "oauthlib-3.2.2-py3-none-any.whl", hash = "sha256:8139f29aac13e25d502680e9e19963e83f16838d48a0d71c287fe40e7067fbca"},
    {file = "oauthlib-3.2.2.tar.gz", hash = "sha256:9859c40929662bec5d64f34d01c99e093149682a3f38915dc0655d5a633dd918"},
]

[[package]]
name = "packaging"
version = "24.1"
requires_python = ">=3.8"
summary = "Core utilities for Python packages"
groups = ["dev"]
files = [
    {file = "packaging-24.1-py3-none-any.whl", hash = "sha256:5b8f2217dbdbd2f7f384c41c628544e6d52f2d0f53c6d0c3ea61aa5d1d7ff124"},
    {file = "packaging-24.1.tar.gz", hash = "sha256:026ed72c8ed3fcce5bf8950572258698927fd1dbda10a5e981cdf0ac37f4f002"},
]

[[package]]
name = "pluggy"
version = "1.5.0"
requires_python = ">=3.8"
summary = "plugin and hook calling mechanisms for python"
groups = ["dev"]
files = [
    {file = "pluggy-1.5.0-py3-none-any.whl", hash = "sha256:44e1ad92c8ca002de6377e165f3e0f1be63266ab4d554740532335b9d75ea669"},
    {file = "pluggy-1.5.0.tar.gz", hash = "sha256:2cffa88e94fdc978c4c574f15f9e59b7f4201d439195c3715ca9e2486f1d0cf1"},
]

[[package]]
name = "pygments"
version = "2.19.2"
requires_python = ">=3.8"
summary = "Pygments is a syntax highlighting package written in Python."
groups = ["dev"]
files = [
    {file = "pygments-2.19.2-py3-none-any.whl", hash = "sha256:86540386c03d588bb81d44bc3928634ff26449851e99741617ecb9037ee5ec0b"},
    {file = "pygments-2.19.2.tar.gz", hash = "sha256:636cb2477cec7f8952536970bc533bc43743542f70392ae026374600add5b887"},
]

[[package]]
name = "pytest"
version = "8.4.2"
requires_python = ">=3.9"
summary = "pytest: simple powerful testing with Python"
groups = ["dev"]
dependencies = [
    "colorama>=0.4; sys_platform == \"win32\"",
    "exceptiongroup>=1; python_version < \"3.11\"",
    "iniconfig>=1",
    "packaging>=20",
    "pluggy<2,>=1.5",
    "pygments>=2.7.2",
    "tomli>=1; python_version < \"3.11\"",
]
files = [
    {file = "pytest-8.4.2-py3-none-any.whl", hash = "sha256:872f880de3fc3a5bdc88a11b39c9710c3497a547cfa9320bc3c5e62fbf272e79"},
    {file = "pytest-8.4.2.tar.gz", hash = "sha256:86c0d0b93306b961d58d62a4db4879f27fe25513d4b969df351abdddb3c30e01"},
]

[[package]]
name = "python-slugify"
version = "8.0.4"
requires_python = ">=3.7"
summary = "A Python slugify application that also handles Unicode"
groups = ["default"]
dependencies = [
    "text-unidecode>=1.3",
]
files = [
    {file = "python-slugify-8.0.4.tar.gz", hash = "sha256:59202371d1d05b54a9e7720c5e038f928f45daaffe41dd10822f3907b937c856"},
    {file = "python_slugify-8.0.4-py2.py3-none-any.whl", hash = "sha256:276540b79961052b66b7d116620b36518847f52d5fd9e3a70164fc8c50faa6b8"},
]

[[package]]
name = "requests"
version = "2.34.2"
requires_python = ">=3.10"
summary = "Python HTTP for Humans."
groups = ["default"]
dependencies = [
    "certifi>=2023.5.7",
    "charset-normalizer<4,>=2",
    "idna<4,>=2.5",
    "urllib3<3,>=1.26",
]
files = [
    {file = "requests-2.34.2-py3-none-any.whl", hash = "sha256:2a0d60c172f83ac6ab31e4554906c0f3b3588d37b5cb939b1c061f4907e278e0"},
    {file = "requests-2.34.2.tar.gz", hash = "sha256:f288924cae4e29463698d6d60bc6a4da69c89185ad1e0bcc4104f584e960b9ed"},
]

[[package]]
name = "requests-oauthlib"
version = "2.0.0"
requires_python = ">=3.4"
summary = "OAuthlib authentication support for Requests."
groups = ["default"]
dependencies = [
    "oauthlib>=3.0.0",
    "requests>=2.0.0",
]
files = [
    {file = "requests-oauthlib-2.0.0.tar.gz", hash = "sha256:b3dffaebd884d8cd778494369603a9e7b58d29111bf6b41bdc2dcd87203af4e9"},
    {file = "requests_oauthlib-2.0.0-py2.py3-none-any.whl", hash = "sha256:7dd8a5c40426b779b0868c404bdef9768deccf22749cde15852df527e6269b36"},
]

[[package]]
name = "text-unidecode"
version = "1.3"
summary = "The most basic Text::Unidecode port"
groups = ["default"]
files = [
    {file = "text-unidecode-1.3.tar.gz", hash = "sha256:bad6603bb14d279193107714b288be206cac565dfa49aa5b105294dd5c4aab93"},
    {file = "text_unidecode-1.3-py2.py3-none-any.whl", hash = "sha256:1311f10e8b895935241623731c2ba64f4c455287888b18189350b67134a822e8"},
]

[[package]]
name = "tomli"
version = "2.0.1"
requires_python = ">=3.7"
summary = "A lil' TOML parser"
groups = ["dev"]
marker = "python_version < \"3.11\""
files = [
    {file = "tomli-2.0.1-py3-none-any.whl", hash = "sha256:939de3e7a6161af0c887ef91b7d41a53e7c5a1ca976325f429cb46ea9bc30ecc"},
    {file = "tomli-2.0.1.tar.gz", hash = "sha256:de526c12914f0c550d15924c62d72abc48d6fe7364aa87328337a31007fe8a4f"},
]

[[package]]
name = "tqdm"
version = "4.67.1"
requires_python = ">=3.7"
summary = "Fast, Extensible Progress Meter"
groups = ["default"]
dependencies = [
    "colorama; platform_system == \"Windows\"",
]
files = [
    {file = "tqdm-4.67.1-py3-none-any.whl", hash = "sha256:26445eca388f82e72884e0d580d5464cd801a3ea01e63e5601bdff9ba6a48de2"},
    {file = "tqdm-4.67.1.tar.gz", hash = "sha256:f8aef9c52c08c13a65f30ea34f4e5aac3fd1a34959879d7e59e63027286627f2"},
]

[[package]]
name = "urllib3"
version = "2.2.2"
requires_python = ">=3.8"
summary = "HTTP library with thread-safe connection pooling, file post, and more."
groups = ["default"]
files = [
    {file = "urllib3-2.2.2-py3-none-any.whl", hash = "sha256:a448b2f64d686155468037e1ace9f2d2199776e17f0a46610480d311f73e3472"},
    {file = "urllib3-2.2.2.tar.gz", hash = "sha256:dd505485549a7a552833da5e6063639d0d177c04f23bc3864e41e5dc5f612168"},
]
